
Microsoft Visual Studio Solution File, Format Version 12.00
# Visual Studio Version 16
VisualStudioVersion = 16.0.30621.155
MinimumVisualStudioVersion = 10.0.40219.1
Project("{FAE04EC0-301F-11D3-BF4B-00C04F79EFBC}") = "DatingApp.WebAPI", "DatingApp.WebAPI\DatingApp.WebAPI.csproj", "{E2AF568D-B965-429B-9CF4-5B59867B33C0}"
EndProject
Global
	GlobalSection(SolutionConfigurationPlatforms) = preSolution
		Debug|Any CPU = Debug|Any CPU
		Release|Any CPU = Release|Any CPU
	EndGlobalSection
	GlobalSection(ProjectConfigurationPlatforms) = postSolution
		{E2AF568D-B965-429B-9CF4-5B59867B33C0}.Debug|Any CPU.ActiveCfg = Debug|Any CPU
		{E2AF568D-B965-429B-9CF4-5B59867B33C0}.Debug|Any CPU.Build.0 = Debug|Any CPU
		{E2AF568D-B965-429B-9CF4-5B59867B33C0}.Release|Any CPU.ActiveCfg = Release|Any CPU
		{E2AF568D-B965-429B-9CF4-5B59867B33C0}.Release|Any CPU.Build.0 = Release|Any CPU
	EndGlobalSection
	GlobalSection(SolutionProperties) = preSolution
		HideSolutionNode = FALSE
	EndGlobalSection
	GlobalSection(ExtensibilityGlobals) = postSolution
		SolutionGuid = {EE8113C0-0E26-47A9-93AB-BBA1BACA5FFC}
	EndGlobalSection
EndGlobal
